
Microsoft Visual Studio Solution File, Format Version 12.00
# Visual Studio Version 16
VisualStudioVersion = 16.0.30621.155
MinimumVisualStudioVersion = 10.0.40219.1
Project("{FAE04EC0-301F-11D3-BF4B-00C04F79EFBC}") = "Questao9", "Questao9\Questao9.csproj", "{EFA75B22-D179-4F11-8623-C0691E6958EA}"
EndProject
Global
	GlobalSection(SolutionConfigurationPlatforms) = preSolution
		Debug|Any CPU = Debug|Any CPU
		Release|Any CPU = Release|Any CPU
	EndGlobalSection
	GlobalSection(ProjectConfigurationPlatforms) = postSolution
		{EFA75B22-D179-4F11-8623-C0691E6958EA}.Debug|Any CPU.ActiveCfg = Debug|Any CPU
		{EFA75B22-D179-4F11-8623-C0691E6958EA}.Debug|Any CPU.Build.0 = Debug|Any CPU
		{EFA75B22-D179-4F11-8623-C0691E6958EA}.Release|Any CPU.ActiveCfg = Release|Any CPU
		{EFA75B22-D179-4F11-8623-C0691E6958EA}.Release|Any CPU.Build.0 = Release|Any CPU
	EndGlobalSection
	GlobalSection(SolutionProperties) = preSolution
		HideSolutionNode = FALSE
	EndGlobalSection
	GlobalSection(ExtensibilityGlobals) = postSolution
		SolutionGuid = {670C2D80-C56B-4339-8780-995C37017DF4}
	EndGlobalSection
EndGlobal
