
Microsoft Visual Studio Solution File, Format Version 12.00
# Visual Studio Version 16
VisualStudioVersion = 16.0.30621.155
MinimumVisualStudioVersion = 10.0.40219.1
Project("{FAE04EC0-301F-11D3-BF4B-00C04F79EFBC}") = "Questao12", "Questao12\Questao12.csproj", "{0E94CE52-663B-4215-A6E0-E96AF914AB54}"
EndProject
Global
	GlobalSection(SolutionConfigurationPlatforms) = preSolution
		Debug|Any CPU = Debug|Any CPU
		Release|Any CPU = Release|Any CPU
	EndGlobalSection
	GlobalSection(ProjectConfigurationPlatforms) = postSolution
		{0E94CE52-663B-4215-A6E0-E96AF914AB54}.Debug|Any CPU.ActiveCfg = Debug|Any CPU
		{0E94CE52-663B-4215-A6E0-E96AF914AB54}.Debug|Any CPU.Build.0 = Debug|Any CPU
		{0E94CE52-663B-4215-A6E0-E96AF914AB54}.Release|Any CPU.ActiveCfg = Release|Any CPU
		{0E94CE52-663B-4215-A6E0-E96AF914AB54}.Release|Any CPU.Build.0 = Release|Any CPU
	EndGlobalSection
	GlobalSection(SolutionProperties) = preSolution
		HideSolutionNode = FALSE
	EndGlobalSection
	GlobalSection(ExtensibilityGlobals) = postSolution
		SolutionGuid = {B433B2A2-738E-41F7-9B34-F9E88C062C90}
	EndGlobalSection
EndGlobal
